
Microsoft Visual Studio Solution File, Format Version 12.00
# Visual Studio Version 17
VisualStudioVersion = 17.5.33414.496
MinimumVisualStudioVersion = 10.0.40219.1
Project("{FAE04EC0-301F-11D3-BF4B-00C04F79EFBC}") = "StudentAdmissioionManagement", "StudentAdmissioionManagement.csproj", "{82EC82DB-4160-40D9-B2E7-429E1E23F896}"
EndProject
Project("{FAE04EC0-301F-11D3-BF4B-00C04F79EFBC}") = "StudentsAttendance", "..\StudentsAttendance\StudentsAttendance.csproj", "{E1C8C591-16D6-42FF-921A-BBE33DC64A8A}"
EndProject
Project("{FAE04EC0-301F-11D3-BF4B-00C04F79EFBC}") = "SchoolApiGateway", "..\SchoolApiGateway\SchoolApiGateway.csproj", "{70D31377-45AF-4748-9698-4926D0F055F9}"
EndProject
Global
	GlobalSection(SolutionConfigurationPlatforms) = preSolution
		Debug|Any CPU = Debug|Any CPU
		Release|Any CPU = Release|Any CPU
	EndGlobalSection
	GlobalSection(ProjectConfigurationPlatforms) = postSolution
		{82EC82DB-4160-40D9-B2E7-429E1E23F896}.Debug|Any CPU.ActiveCfg = Debug|Any CPU
		{82EC82DB-4160-40D9-B2E7-429E1E23F896}.Debug|Any CPU.Build.0 = Debug|Any CPU
		{82EC82DB-4160-40D9-B2E7-429E1E23F896}.Release|Any CPU.ActiveCfg = Release|Any CPU
		{82EC82DB-4160-40D9-B2E7-429E1E23F896}.Release|Any CPU.Build.0 = Release|Any CPU
		{E1C8C591-16D6-42FF-921A-BBE33DC64A8A}.Debug|Any CPU.ActiveCfg = Debug|Any CPU
		{E1C8C591-16D6-42FF-921A-BBE33DC64A8A}.Debug|Any CPU.Build.0 = Debug|Any CPU
		{E1C8C591-16D6-42FF-921A-BBE33DC64A8A}.Release|Any CPU.ActiveCfg = Release|Any CPU
		{E1C8C591-16D6-42FF-921A-BBE33DC64A8A}.Release|Any CPU.Build.0 = Release|Any CPU
		{70D31377-45AF-4748-9698-4926D0F055F9}.Debug|Any CPU.ActiveCfg = Debug|Any CPU
		{70D31377-45AF-4748-9698-4926D0F055F9}.Debug|Any CPU.Build.0 = Debug|Any CPU
		{70D31377-45AF-4748-9698-4926D0F055F9}.Release|Any CPU.ActiveCfg = Release|Any CPU
		{70D31377-45AF-4748-9698-4926D0F055F9}.Release|Any CPU.Build.0 = Release|Any CPU
	EndGlobalSection
	GlobalSection(SolutionProperties) = preSolution
		HideSolutionNode = FALSE
	EndGlobalSection
	GlobalSection(ExtensibilityGlobals) = postSolution
		SolutionGuid = {CB62BE77-E2FA-47A3-AF16-C286BD8E4429}
	EndGlobalSection
EndGlobal
